
Microsoft Visual Studio Solution File, Format Version 12.00
# Visual Studio Version 17
VisualStudioVersion = 17.0.31903.59
MinimumVisualStudioVersion = 10.0.40219.1
Project("{FAE04EC0-301F-11D3-BF4B-00C04F79EFBC}") = "Taller5.Core", "Taller5.Core\Taller5.Core.csproj", "{31CF166A-0FAD-4BBC-BAD5-8C37D2CC66F9}"
EndProject
Project("{FAE04EC0-301F-11D3-BF4B-00C04F79EFBC}") = "Taller5.App", "Taller5.App\Taller5.App.csproj", "{32D13409-DCA5-4931-B669-BA963CB49BB5}"
EndProject
Global
	GlobalSection(SolutionConfigurationPlatforms) = preSolution
		Debug|Any CPU = Debug|Any CPU
		Release|Any CPU = Release|Any CPU
	EndGlobalSection
	GlobalSection(SolutionProperties) = preSolution
		HideSolutionNode = FALSE
	EndGlobalSection
	GlobalSection(ProjectConfigurationPlatforms) = postSolution
		{31CF166A-0FAD-4BBC-BAD5-8C37D2CC66F9}.Debug|Any CPU.ActiveCfg = Debug|Any CPU
		{31CF166A-0FAD-4BBC-BAD5-8C37D2CC66F9}.Debug|Any CPU.Build.0 = Debug|Any CPU
		{31CF166A-0FAD-4BBC-BAD5-8C37D2CC66F9}.Release|Any CPU.ActiveCfg = Release|Any CPU
		{31CF166A-0FAD-4BBC-BAD5-8C37D2CC66F9}.Release|Any CPU.Build.0 = Release|Any CPU
		{32D13409-DCA5-4931-B669-BA963CB49BB5}.Debug|Any CPU.ActiveCfg = Debug|Any CPU
		{32D13409-DCA5-4931-B669-BA963CB49BB5}.Debug|Any CPU.Build.0 = Debug|Any CPU
		{32D13409-DCA5-4931-B669-BA963CB49BB5}.Release|Any CPU.ActiveCfg = Release|Any CPU
		{32D13409-DCA5-4931-B669-BA963CB49BB5}.Release|Any CPU.Build.0 = Release|Any CPU
	EndGlobalSection
EndGlobal
